{
  "version": "4",
  "remote": {
    "https://esm.sh/preact@10.11.0/jsx-runtime": "b1428f2f471a6b4a3b36edd6368b9adc091b989227fa32179b938f519596968a",
    "https://esm.sh/stable/preact@10.11.0/denonext/jsx-runtime.js": "03c711c4a0eaf1489d807db5611a94f4e34e9c25763c0da060014964ff95c80b",
    "https://esm.sh/stable/preact@10.11.0/denonext/preact.mjs": "71306b68971e656b4c8bff31e261528c4fe14bf87f8e65f214b671f45bef2d31"
  }
}
